
Microsoft Visual Studio Solution File, Format Version 12.00
# Visual Studio 15
VisualStudioVersion = 15.0.28307.136
MinimumVisualStudioVersion = 10.0.40219.1
Project("{9A19103F-16F7-4668-BE54-9A1E7A4F7556}") = "Kogel.Test", "Kogel.Test\Kogel.Test.csproj", "{685EF607-9FE5-4563-ABC2-30547D472246}"
EndProject
Project("{FAE04EC0-301F-11D3-BF4B-00C04F79EFBC}") = "Kogel.Framework.Test", "Kogel.Framework.Test\Kogel.Framework.Test.csproj", "{DF494B66-17A9-47C4-9C86-82B6506D5790}"
EndProject
Project("{9A19103F-16F7-4668-BE54-9A1E7A4F7556}") = "Kogel.Dapper.Extension", "..\..\..\Github\Kogel.Web.Process\Kogel.Dapper.Extension\Kogel.Dapper.Extension.csproj", "{D83503F4-7387-41C2-9632-EA5239A38805}"
EndProject
Project("{9A19103F-16F7-4668-BE54-9A1E7A4F7556}") = "Kogel.Dapper.Extension.MsSql", "..\..\..\Github\Kogel.Web.Process\Kogel.Dapper.Extension.MsSql\Kogel.Dapper.Extension.MsSql.csproj", "{ED9B1CE6-BC4F-439E-B9A2-4C2CCA9552D9}"
EndProject
Global
	GlobalSection(SolutionConfigurationPlatforms) = preSolution
		Debug|Any CPU = Debug|Any CPU
		Release|Any CPU = Release|Any CPU
	EndGlobalSection
	GlobalSection(ProjectConfigurationPlatforms) = postSolution
		{685EF607-9FE5-4563-ABC2-30547D472246}.Debug|Any CPU.ActiveCfg = Debug|Any CPU
		{685EF607-9FE5-4563-ABC2-30547D472246}.Debug|Any CPU.Build.0 = Debug|Any CPU
		{685EF607-9FE5-4563-ABC2-30547D472246}.Release|Any CPU.ActiveCfg = Release|Any CPU
		{685EF607-9FE5-4563-ABC2-30547D472246}.Release|Any CPU.Build.0 = Release|Any CPU
		{DF494B66-17A9-47C4-9C86-82B6506D5790}.Debug|Any CPU.ActiveCfg = Debug|Any CPU
		{DF494B66-17A9-47C4-9C86-82B6506D5790}.Debug|Any CPU.Build.0 = Debug|Any CPU
		{DF494B66-17A9-47C4-9C86-82B6506D5790}.Release|Any CPU.ActiveCfg = Release|Any CPU
		{DF494B66-17A9-47C4-9C86-82B6506D5790}.Release|Any CPU.Build.0 = Release|Any CPU
		{D83503F4-7387-41C2-9632-EA5239A38805}.Debug|Any CPU.ActiveCfg = Debug|Any CPU
		{D83503F4-7387-41C2-9632-EA5239A38805}.Debug|Any CPU.Build.0 = Debug|Any CPU
		{D83503F4-7387-41C2-9632-EA5239A38805}.Release|Any CPU.ActiveCfg = Release|Any CPU
		{D83503F4-7387-41C2-9632-EA5239A38805}.Release|Any CPU.Build.0 = Release|Any CPU
		{ED9B1CE6-BC4F-439E-B9A2-4C2CCA9552D9}.Debug|Any CPU.ActiveCfg = Debug|Any CPU
		{ED9B1CE6-BC4F-439E-B9A2-4C2CCA9552D9}.Debug|Any CPU.Build.0 = Debug|Any CPU
		{ED9B1CE6-BC4F-439E-B9A2-4C2CCA9552D9}.Release|Any CPU.ActiveCfg = Release|Any CPU
		{ED9B1CE6-BC4F-439E-B9A2-4C2CCA9552D9}.Release|Any CPU.Build.0 = Release|Any CPU
	EndGlobalSection
	GlobalSection(SolutionProperties) = preSolution
		HideSolutionNode = FALSE
	EndGlobalSection
	GlobalSection(ExtensibilityGlobals) = postSolution
		SolutionGuid = {9169E273-1379-4BE9-9D5F-E8B186A206CB}
	EndGlobalSection
EndGlobal
